	<Project xmlns="http://schemas.microsoft.com/developer/msbuild/2003">
		<PropertyGroup>
			<ProjectGuid>{FD254B03-7073-488D-990E-F96D4339E0C4}</ProjectGuid>
			<MainSource>Setup.dpr</MainSource>
			<Config Condition="'$(Config)'==''">Debug</Config>
			<DCC_DCCCompiler>DCC32</DCC_DCCCompiler>
			<ProjectVersion>12.0</ProjectVersion>
		</PropertyGroup>
		<PropertyGroup Condition="'$(Config)'=='Base' or '$(Base)'!=''">
			<Base>true</Base>
		</PropertyGroup>
		<PropertyGroup Condition="'$(Config)'=='Release' or '$(Cfg_1)'!=''">
			<Cfg_1>true</Cfg_1>
			<CfgParent>Base</CfgParent>
			<Base>true</Base>
		</PropertyGroup>
		<PropertyGroup Condition="'$(Config)'=='Debug' or '$(Cfg_2)'!=''">
			<Cfg_2>true</Cfg_2>
			<CfgParent>Base</CfgParent>
			<Base>true</Base>
		</PropertyGroup>
		<PropertyGroup Condition="'$(Base)'!=''">
			<DCC_UsePackage>vclx;vcl;dbrtl;Rave76VCL;bdertl;rtl;vclactnband;xmlrtl;vcldb;vcldbx;dsnap;dsnapcon;TeeUI;TeeDB;Tee;adortl;vclib;ibxpress;IndyCore;IndySystem;IndyProtocols;inet;intrawebdb_100_120;Intraweb_100_120;VclSmp;vclie;websnap;webdsnap;inetdbbde;inetdbxpress;soaprtl;vclribbon;dbexpress;DbxCommonDriver;DataSnapIndy10ServerTransport;DataSnapProviderClient;DataSnapServer;DbxClientDriver;DBXInterBaseDriver;DBXMySQLDriver;dbxcds;DBXSybaseASEDriver;DBXSybaseASADriver;DBXOracleDriver;DBXMSSQLDriver;DBXInformixDriver;DBXDb2Driver;JclDeveloperTools;Jcl;JclVcl;JclContainers;JvCore;JvSystem;JvStdCtrls;JvAppFrm;JvBands;JvDB;JvDlgs;JvBDE;JvControls;JvCmp;JvCrypt;JvCustom;JvDocking;JvDotNetCtrls;JvGlobus;JvHMI;JvJans;JvManagedThreads;JvMM;JvNet;JvPageComps;JvPascalInterpreter;JvPluginSystem;JvPrintPreview;JvRuntimeDesign;JvTimeFramework;JvWizards;JvXPCtrls;inno</DCC_UsePackage>
			<DCC_ExeOutput>..\..\Files</DCC_ExeOutput>
			<DCC_DcuOutput>..\..\Dcu</DCC_DcuOutput>
			<BRCC_OutputDir>..\Common</BRCC_OutputDir>
			<DCC_UnitSearchPath>..\..\Source;..\..\Source\Common;..\..\Source\ispp;..\..\components;..\..\components\unips\source;..\Common\Obj;$(DCC_UnitSearchPath)</DCC_UnitSearchPath>
			<DCC_DependencyCheckOutputName>..\..\Files\Setup.exe</DCC_DependencyCheckOutputName>
			<DCC_ImageBase>00400000</DCC_ImageBase>
			<DCC_Define>PS_MINIVCL;PS_NOGRAPHCONST;PS_PANSICHAR;PS_NOINTERFACEGUIDBRACKETS;$(DCC_Define)</DCC_Define>
			<DCC_Alignment>1</DCC_Alignment>
			<DCC_UnitAlias>WinTypes=Windows;WinProcs=Windows;DbiTypes=BDE;DbiProcs=BDE;DbiErrs=BDE;$(DCC_UnitAlias)</DCC_UnitAlias>
			<DCC_Platform>x86</DCC_Platform>
			<DCC_WriteableConstants>true</DCC_WriteableConstants>
			<DCC_K>false</DCC_K>
			<DCC_N>true</DCC_N>
			<DCC_S>false</DCC_S>
			<DCC_F>false</DCC_F>
			<DCC_SymbolReferenceInfo>0</DCC_SymbolReferenceInfo>
			<DCC_AssertionsAtRuntime>false</DCC_AssertionsAtRuntime>
			<DCC_E>false</DCC_E>
		</PropertyGroup>
		<PropertyGroup Condition="'$(Cfg_1)'!=''">
			<DCC_Define>RELEASE;$(DCC_Define)</DCC_Define>
			<DCC_LocalDebugSymbols>false</DCC_LocalDebugSymbols>
			<DCC_DebugInformation>false</DCC_DebugInformation>
		</PropertyGroup>
		<PropertyGroup Condition="'$(Cfg_2)'!=''">
			<DCC_Define>DEBUG;$(DCC_Define)</DCC_Define>
		</PropertyGroup>
		<ItemGroup>
			<DelphiCompile Include="Setup.dpr">
				<MainSource>MainSource</MainSource>
			</DelphiCompile>
			<DCCReference Include="..\..\Source\SafeDLLPath.pas"/>
			<DCCReference Include="..\..\Source\XPTheme.pas"/>
			<DCCReference Include="..\..\Source\D2009Win2kFix.pas"/>
			<DCCReference Include="..\..\Source\CmnFunc.pas"/>
			<DCCReference Include="..\..\Source\CmnFunc2.pas"/>
			<DCCReference Include="..\..\Source\Main.pas">
				<Form>MainForm</Form>
			</DCCReference>
			<DCCReference Include="..\..\Source\Install.pas"/>
			<DCCReference Include="..\..\Source\Msgs.pas"/>
			<DCCReference Include="..\..\Source\MsgIDs.pas"/>
			<DCCReference Include="..\..\Source\Undo.pas"/>
			<DCCReference Include="..\..\Source\Struct.pas"/>
			<DCCReference Include="..\..\Source\NewDisk.pas">
				<Form>NewDiskForm</Form>
			</DCCReference>
			<DCCReference Include="..\..\Source\InstFunc.pas"/>
			<DCCReference Include="..\..\Source\InstFnc2.pas"/>
			<DCCReference Include="..\..\Source\Wizard.pas">
				<Form>WizardForm</Form>
			</DCCReference>
			<DCCReference Include="..\..\Source\ScriptFunc_R.pas"/>
			<DCCReference Include="..\..\Source\ScriptFunc.pas"/>
			<DCCReference Include="..\..\Source\SetupTypes.pas"/>
			<DCCReference Include="..\..\Source\ScriptRunner.pas"/>
			<DCCReference Include="..\..\Source\ScriptDlg.pas"/>
			<DCCReference Include="..\..\Source\ScriptClasses_R.pas"/>
			<DCCReference Include="..\..\Source\SelLangForm.pas">
				<Form>SelectLanguageForm</Form>
			</DCCReference>
			<DCCReference Include="..\..\Source\Extract.pas"/>
			<DCCReference Include="..\..\Source\Int64Em.pas"/>
			<DCCReference Include="..\..\Source\SelFolderForm.pas">
				<Form>SelectFolderForm</Form>
			</DCCReference>
			<DCCReference Include="..\..\Source\Compress.pas"/>
			<DCCReference Include="..\..\Source\CompressZlib.pas"/>
			<DCCReference Include="..\..\Source\bzlib.pas"/>
			<DCCReference Include="..\..\Source\LZMADecomp.pas"/>
			<DCCReference Include="..\..\Source\FileClass.pas"/>
			<DCCReference Include="..\..\Source\MD5.pas"/>
			<DCCReference Include="..\..\Source\SHA1.pas"/>
			<DCCReference Include="..\..\Source\Logging.pas"/>
			<DCCReference Include="..\..\Source\DebugClient.pas"/>
			<DCCReference Include="..\..\Source\DebugStruct.pas"/>
			<DCCReference Include="..\..\Source\ArcFour.pas"/>
			<DCCReference Include="..\..\Source\Uninstall.pas"/>
			<DCCReference Include="..\..\Source\UninstProgressForm.pas">
				<Form>UninstProgressForm</Form>
			</DCCReference>
			<DCCReference Include="..\..\Source\UninstSharedFileForm.pas">
				<Form>UninstSharedFileForm</Form>
			</DCCReference>
			<DCCReference Include="..\..\Source\SimpleExpression.pas"/>
			<DCCReference Include="..\..\Source\UIStateForm.pas"/>
			<DCCReference Include="..\..\Source\SetupForm.pas"/>
			<DCCReference Include="..\..\Source\RegSvr.pas"/>
			<DCCReference Include="..\..\Source\BrowseFunc.pas"/>
			<DCCReference Include="..\..\Source\RedirFunc.pas"/>
			<DCCReference Include="..\..\Source\SecurityFunc.pas"/>
			<DCCReference Include="..\..\Source\Helper.pas"/>
			<DCCReference Include="..\..\Source\VerInfo.pas"/>
			<DCCReference Include="..\..\Source\RegDLL.pas"/>
			<DCCReference Include="..\..\Source\ResUpdate.pas"/>
			<DCCReference Include="..\..\Source\SpawnCommon.pas"/>
			<DCCReference Include="..\..\Source\SpawnServer.pas"/>
			<DCCReference Include="..\..\Source\SpawnClient.pas"/>
			<BuildConfiguration Include="Base">
				<Key>Base</Key>
			</BuildConfiguration>
			<BuildConfiguration Include="Debug">
				<Key>Cfg_2</Key>
				<CfgParent>Base</CfgParent>
			</BuildConfiguration>
			<BuildConfiguration Include="Release">
				<Key>Cfg_1</Key>
				<CfgParent>Base</CfgParent>
			</BuildConfiguration>
		</ItemGroup>
		<Import Project="$(BDS)\Bin\CodeGear.Delphi.Targets" Condition="Exists('$(BDS)\Bin\CodeGear.Delphi.Targets')"/>
		<PropertyGroup>
			<PostBuildEvent><![CDATA[move "$(OUTPUTDIR)\Setup.exe" "$(OUTPUTDIR)\Setup.e32"]]></PostBuildEvent>
		</PropertyGroup>
		<ProjectExtensions>
			<Borland.Personality>Delphi.Personality.12</Borland.Personality>
			<Borland.ProjectType>VCLApplication</Borland.ProjectType>
			<BorlandProject>
				<Delphi.Personality>
					<Source>
						<Source Name="MainSource">Setup.dpr</Source>
					</Source>
					<Parameters>
						<Parameters Name="UseLauncher">False</Parameters>
						<Parameters Name="LoadAllSymbols">True</Parameters>
						<Parameters Name="LoadUnspecifiedSymbols">False</Parameters>
					</Parameters>
					<VersionInfo>
						<VersionInfo Name="IncludeVerInfo">False</VersionInfo>
						<VersionInfo Name="AutoIncBuild">False</VersionInfo>
						<VersionInfo Name="MajorVer">1</VersionInfo>
						<VersionInfo Name="MinorVer">0</VersionInfo>
						<VersionInfo Name="Release">0</VersionInfo>
						<VersionInfo Name="Build">0</VersionInfo>
						<VersionInfo Name="Debug">False</VersionInfo>
						<VersionInfo Name="PreRelease">False</VersionInfo>
						<VersionInfo Name="Special">False</VersionInfo>
						<VersionInfo Name="Private">False</VersionInfo>
						<VersionInfo Name="DLL">False</VersionInfo>
						<VersionInfo Name="Locale">1043</VersionInfo>
						<VersionInfo Name="CodePage">1252</VersionInfo>
					</VersionInfo>
					<VersionInfoKeys>
						<VersionInfoKeys Name="CompanyName"/>
						<VersionInfoKeys Name="FileDescription"/>
						<VersionInfoKeys Name="FileVersion">1.0.0.0</VersionInfoKeys>
						<VersionInfoKeys Name="InternalName"/>
						<VersionInfoKeys Name="LegalCopyright"/>
						<VersionInfoKeys Name="LegalTrademarks"/>
						<VersionInfoKeys Name="OriginalFilename"/>
						<VersionInfoKeys Name="ProductName"/>
						<VersionInfoKeys Name="ProductVersion">1.0.0.0</VersionInfoKeys>
						<VersionInfoKeys Name="Comments"/>
					</VersionInfoKeys>
					<Excluded_Packages>
						<Excluded_Packages Name="$(BDS)\bin\bcboffice2k120.bpl">Package Serveurs Office 2000 CodeGear C++Builder</Excluded_Packages>
						<Excluded_Packages Name="$(BDS)\bin\bcbofficexp120.bpl">Package Serveurs Office XP CodeGear C++Builder</Excluded_Packages>
						<Excluded_Packages Name="$(BDS)\bin\dcloffice2k120.bpl">Composants Microsoft Office 2000 Sample Automation Server Wrapper</Excluded_Packages>
						<Excluded_Packages Name="$(BDS)\bin\dclofficexp120.bpl">Composants Microsoft Office XP Sample Automation Server Wrapper</Excluded_Packages>
					</Excluded_Packages>
				</Delphi.Personality>
			</BorlandProject>
			<ProjectFileVersion>12</ProjectFileVersion>
		</ProjectExtensions>
	</Project>
